
Microsoft Visual Studio Solution File, Format Version 12.00
# Visual Studio Version 17
VisualStudioVersion = 17.10.35027.167
MinimumVisualStudioVersion = 10.0.40219.1
Project("{FAE04EC0-301F-11D3-BF4B-00C04F79EFBC}") = "MyFirstProg", "MyFirstProg\MyFirstProg.csproj", "{EE08260B-D95A-499A-A435-97CD8F896560}"
EndProject
Global
	GlobalSection(SolutionConfigurationPlatforms) = preSolution
		Debug|Any CPU = Debug|Any CPU
		Release|Any CPU = Release|Any CPU
	EndGlobalSection
	GlobalSection(ProjectConfigurationPlatforms) = postSolution
		{EE08260B-D95A-499A-A435-97CD8F896560}.Debug|Any CPU.ActiveCfg = Debug|Any CPU
		{EE08260B-D95A-499A-A435-97CD8F896560}.Debug|Any CPU.Build.0 = Debug|Any CPU
		{EE08260B-D95A-499A-A435-97CD8F896560}.Release|Any CPU.ActiveCfg = Release|Any CPU
		{EE08260B-D95A-499A-A435-97CD8F896560}.Release|Any CPU.Build.0 = Release|Any CPU
	EndGlobalSection
	GlobalSection(SolutionProperties) = preSolution
		HideSolutionNode = FALSE
	EndGlobalSection
	GlobalSection(ExtensibilityGlobals) = postSolution
		SolutionGuid = {F5A905D5-35B0-4B8E-A586-72D8EC915B18}
	EndGlobalSection
EndGlobal
